
Microsoft Visual Studio Solution File, Format Version 12.00
# Visual Studio Version 17
VisualStudioVersion = 17.4.33213.308
MinimumVisualStudioVersion = 10.0.40219.1
Project("{FAE04EC0-301F-11D3-BF4B-00C04F79EFBC}") = "Data Collection", "Data Collection.csproj", "{7F12AF18-7FF8-4E1F-8038-660035478B7F}"
EndProject
Global
	GlobalSection(SolutionConfigurationPlatforms) = preSolution
		Debug|Any CPU = Debug|Any CPU
		Release|Any CPU = Release|Any CPU
	EndGlobalSection
	GlobalSection(ProjectConfigurationPlatforms) = postSolution
		{7F12AF18-7FF8-4E1F-8038-660035478B7F}.Debug|Any CPU.ActiveCfg = Debug|Any CPU
		{7F12AF18-7FF8-4E1F-8038-660035478B7F}.Debug|Any CPU.Build.0 = Debug|Any CPU
		{7F12AF18-7FF8-4E1F-8038-660035478B7F}.Release|Any CPU.ActiveCfg = Release|Any CPU
		{7F12AF18-7FF8-4E1F-8038-660035478B7F}.Release|Any CPU.Build.0 = Release|Any CPU
	EndGlobalSection
	GlobalSection(SolutionProperties) = preSolution
		HideSolutionNode = FALSE
	EndGlobalSection
	GlobalSection(ExtensibilityGlobals) = postSolution
		SolutionGuid = {22071CE5-A599-4B7D-91E7-2438CE9F8F32}
	EndGlobalSection
EndGlobal
